
Microsoft Visual Studio Solution File, Format Version 12.00
# Visual Studio Express 14 for Windows Desktop
VisualStudioVersion = 14.0.25123.0
MinimumVisualStudioVersion = 10.0.40219.1
Project("{FAE04EC0-301F-11D3-BF4B-00C04F79EFBC}") = "メモ", "メモ\メモ.csproj", "{873E85D0-D15C-4ACA-88C2-37910B876B01}"
EndProject
Global
	GlobalSection(SolutionConfigurationPlatforms) = preSolution
		Debug|Any CPU = Debug|Any CPU
		Release|Any CPU = Release|Any CPU
	EndGlobalSection
	GlobalSection(ProjectConfigurationPlatforms) = postSolution
		{873E85D0-D15C-4ACA-88C2-37910B876B01}.Debug|Any CPU.ActiveCfg = Debug|Any CPU
		{873E85D0-D15C-4ACA-88C2-37910B876B01}.Debug|Any CPU.Build.0 = Debug|Any CPU
		{873E85D0-D15C-4ACA-88C2-37910B876B01}.Release|Any CPU.ActiveCfg = Release|Any CPU
		{873E85D0-D15C-4ACA-88C2-37910B876B01}.Release|Any CPU.Build.0 = Release|Any CPU
	EndGlobalSection
	GlobalSection(SolutionProperties) = preSolution
		HideSolutionNode = FALSE
	EndGlobalSection
EndGlobal
